
Microsoft Visual Studio Solution File, Format Version 12.00
# Visual Studio Version 17
VisualStudioVersion = 17.5.33530.505
MinimumVisualStudioVersion = 10.0.40219.1
Project("{2150E333-8FDC-42A3-9474-1A3956D46DE8}") = "src", "src", "{633CD79F-2F97-440D-A888-9EC231B896A2}"
EndProject
Project("{2150E333-8FDC-42A3-9474-1A3956D46DE8}") = "tests", "tests", "{60DCD04D-06D0-4F2C-A642-8EB450137412}"
EndProject
Project("{2150E333-8FDC-42A3-9474-1A3956D46DE8}") = "Service", "Service", "{898E42B4-4C93-4998-9AF3-8B9DAD456784}"
EndProject
Project("{2150E333-8FDC-42A3-9474-1A3956D46DE8}") = "Core", "Core", "{C38E6254-859D-4F6A-BDA4-2C00E831407F}"
EndProject
Project("{2150E333-8FDC-42A3-9474-1A3956D46DE8}") = "Infrastructure", "Infrastructure", "{58641F04-AC13-44E5-8292-E1B640B51FE0}"
EndProject
Project("{9A19103F-16F7-4668-BE54-9A1E7A4F7556}") = "Domain", "Domain\Domain.csproj", "{581C3153-EC70-4AB7-9D5F-AC65CD359E14}"
EndProject
Project("{9A19103F-16F7-4668-BE54-9A1E7A4F7556}") = "Application", "Application\Application.csproj", "{9018465B-AD58-460B-9012-3AC5AD335C01}"
EndProject
Project("{9A19103F-16F7-4668-BE54-9A1E7A4F7556}") = "Infrastructure", "Infrastructure\Infrastructure.csproj", "{3D969524-E807-43BD-8F3D-EF4B9955985C}"
EndProject
Project("{9A19103F-16F7-4668-BE54-9A1E7A4F7556}") = "Identity", "Identity\Identity.csproj", "{8B804138-2768-49FF-90EB-1F0D456D4F38}"
EndProject
Project("{9A19103F-16F7-4668-BE54-9A1E7A4F7556}") = "Persistence", "Persistence\Persistence.csproj", "{BADD8A7F-6A9B-4DDC-BCFA-89B0DBB1EFE5}"
EndProject
Project("{9A19103F-16F7-4668-BE54-9A1E7A4F7556}") = "RideApi", "RideApi\RideApi.csproj", "{799D1EA8-36A7-4F97-A2E3-00220D95BEF2}"
EndProject
Project("{FAE04EC0-301F-11D3-BF4B-00C04F79EFBC}") = "DriversApi", "DriversApi\DriversApi.csproj", "{B85CC714-F2D9-4923-B5A5-CED66B8FDC57}"
EndProject
Project("{FAE04EC0-301F-11D3-BF4B-00C04F79EFBC}") = "RiderApi", "RiderApi\RiderApi.csproj", "{C0F1FF13-D563-4ABA-A0DD-D60478D8ECF4}"
EndProject
Global
	GlobalSection(SolutionConfigurationPlatforms) = preSolution
		Debug|Any CPU = Debug|Any CPU
		Release|Any CPU = Release|Any CPU
	EndGlobalSection
	GlobalSection(ProjectConfigurationPlatforms) = postSolution
		{581C3153-EC70-4AB7-9D5F-AC65CD359E14}.Debug|Any CPU.ActiveCfg = Debug|Any CPU
		{581C3153-EC70-4AB7-9D5F-AC65CD359E14}.Debug|Any CPU.Build.0 = Debug|Any CPU
		{581C3153-EC70-4AB7-9D5F-AC65CD359E14}.Release|Any CPU.ActiveCfg = Release|Any CPU
		{581C3153-EC70-4AB7-9D5F-AC65CD359E14}.Release|Any CPU.Build.0 = Release|Any CPU
		{9018465B-AD58-460B-9012-3AC5AD335C01}.Debug|Any CPU.ActiveCfg = Debug|Any CPU
		{9018465B-AD58-460B-9012-3AC5AD335C01}.Debug|Any CPU.Build.0 = Debug|Any CPU
		{9018465B-AD58-460B-9012-3AC5AD335C01}.Release|Any CPU.ActiveCfg = Release|Any CPU
		{9018465B-AD58-460B-9012-3AC5AD335C01}.Release|Any CPU.Build.0 = Release|Any CPU
		{3D969524-E807-43BD-8F3D-EF4B9955985C}.Debug|Any CPU.ActiveCfg = Debug|Any CPU
		{3D969524-E807-43BD-8F3D-EF4B9955985C}.Debug|Any CPU.Build.0 = Debug|Any CPU
		{3D969524-E807-43BD-8F3D-EF4B9955985C}.Release|Any CPU.ActiveCfg = Release|Any CPU
		{3D969524-E807-43BD-8F3D-EF4B9955985C}.Release|Any CPU.Build.0 = Release|Any CPU
		{8B804138-2768-49FF-90EB-1F0D456D4F38}.Debug|Any CPU.ActiveCfg = Debug|Any CPU
		{8B804138-2768-49FF-90EB-1F0D456D4F38}.Debug|Any CPU.Build.0 = Debug|Any CPU
		{8B804138-2768-49FF-90EB-1F0D456D4F38}.Release|Any CPU.ActiveCfg = Release|Any CPU
		{8B804138-2768-49FF-90EB-1F0D456D4F38}.Release|Any CPU.Build.0 = Release|Any CPU
		{BADD8A7F-6A9B-4DDC-BCFA-89B0DBB1EFE5}.Debug|Any CPU.ActiveCfg = Debug|Any CPU
		{BADD8A7F-6A9B-4DDC-BCFA-89B0DBB1EFE5}.Debug|Any CPU.Build.0 = Debug|Any CPU
		{BADD8A7F-6A9B-4DDC-BCFA-89B0DBB1EFE5}.Release|Any CPU.ActiveCfg = Release|Any CPU
		{BADD8A7F-6A9B-4DDC-BCFA-89B0DBB1EFE5}.Release|Any CPU.Build.0 = Release|Any CPU
		{799D1EA8-36A7-4F97-A2E3-00220D95BEF2}.Debug|Any CPU.ActiveCfg = Debug|Any CPU
		{799D1EA8-36A7-4F97-A2E3-00220D95BEF2}.Debug|Any CPU.Build.0 = Debug|Any CPU
		{799D1EA8-36A7-4F97-A2E3-00220D95BEF2}.Release|Any CPU.ActiveCfg = Release|Any CPU
		{799D1EA8-36A7-4F97-A2E3-00220D95BEF2}.Release|Any CPU.Build.0 = Release|Any CPU
		{B85CC714-F2D9-4923-B5A5-CED66B8FDC57}.Debug|Any CPU.ActiveCfg = Debug|Any CPU
		{B85CC714-F2D9-4923-B5A5-CED66B8FDC57}.Debug|Any CPU.Build.0 = Debug|Any CPU
		{B85CC714-F2D9-4923-B5A5-CED66B8FDC57}.Release|Any CPU.ActiveCfg = Release|Any CPU
		{B85CC714-F2D9-4923-B5A5-CED66B8FDC57}.Release|Any CPU.Build.0 = Release|Any CPU
		{C0F1FF13-D563-4ABA-A0DD-D60478D8ECF4}.Debug|Any CPU.ActiveCfg = Debug|Any CPU
		{C0F1FF13-D563-4ABA-A0DD-D60478D8ECF4}.Debug|Any CPU.Build.0 = Debug|Any CPU
		{C0F1FF13-D563-4ABA-A0DD-D60478D8ECF4}.Release|Any CPU.ActiveCfg = Release|Any CPU
		{C0F1FF13-D563-4ABA-A0DD-D60478D8ECF4}.Release|Any CPU.Build.0 = Release|Any CPU
	EndGlobalSection
	GlobalSection(SolutionProperties) = preSolution
		HideSolutionNode = FALSE
	EndGlobalSection
	GlobalSection(NestedProjects) = preSolution
		{898E42B4-4C93-4998-9AF3-8B9DAD456784} = {633CD79F-2F97-440D-A888-9EC231B896A2}
		{C38E6254-859D-4F6A-BDA4-2C00E831407F} = {633CD79F-2F97-440D-A888-9EC231B896A2}
		{58641F04-AC13-44E5-8292-E1B640B51FE0} = {633CD79F-2F97-440D-A888-9EC231B896A2}
		{581C3153-EC70-4AB7-9D5F-AC65CD359E14} = {C38E6254-859D-4F6A-BDA4-2C00E831407F}
		{9018465B-AD58-460B-9012-3AC5AD335C01} = {C38E6254-859D-4F6A-BDA4-2C00E831407F}
		{3D969524-E807-43BD-8F3D-EF4B9955985C} = {58641F04-AC13-44E5-8292-E1B640B51FE0}
		{8B804138-2768-49FF-90EB-1F0D456D4F38} = {58641F04-AC13-44E5-8292-E1B640B51FE0}
		{BADD8A7F-6A9B-4DDC-BCFA-89B0DBB1EFE5} = {58641F04-AC13-44E5-8292-E1B640B51FE0}
		{799D1EA8-36A7-4F97-A2E3-00220D95BEF2} = {898E42B4-4C93-4998-9AF3-8B9DAD456784}
		{B85CC714-F2D9-4923-B5A5-CED66B8FDC57} = {898E42B4-4C93-4998-9AF3-8B9DAD456784}
		{C0F1FF13-D563-4ABA-A0DD-D60478D8ECF4} = {898E42B4-4C93-4998-9AF3-8B9DAD456784}
	EndGlobalSection
	GlobalSection(ExtensibilityGlobals) = postSolution
		SolutionGuid = {CB3452DD-C0E1-4CB6-83E0-5144651F5FAA}
	EndGlobalSection
EndGlobal
